
Microsoft Visual Studio Solution File, Format Version 12.00
# Visual Studio Version 17
VisualStudioVersion = 17.2.32630.192
MinimumVisualStudioVersion = 10.0.40219.1
Project("{FAE04EC0-301F-11D3-BF4B-00C04F79EFBC}") = "SAMCLIENTAPI", "SAMCLIENTAPI.csproj", "{1D4166CD-3798-46FD-AEC8-17032DE4D213}"
EndProject
Global
	GlobalSection(SolutionConfigurationPlatforms) = preSolution
		Debug|Any CPU = Debug|Any CPU
		Release|Any CPU = Release|Any CPU
	EndGlobalSection
	GlobalSection(ProjectConfigurationPlatforms) = postSolution
		{1D4166CD-3798-46FD-AEC8-17032DE4D213}.Debug|Any CPU.ActiveCfg = Debug|Any CPU
		{1D4166CD-3798-46FD-AEC8-17032DE4D213}.Debug|Any CPU.Build.0 = Debug|Any CPU
		{1D4166CD-3798-46FD-AEC8-17032DE4D213}.Release|Any CPU.ActiveCfg = Release|Any CPU
		{1D4166CD-3798-46FD-AEC8-17032DE4D213}.Release|Any CPU.Build.0 = Release|Any CPU
	EndGlobalSection
	GlobalSection(SolutionProperties) = preSolution
		HideSolutionNode = FALSE
	EndGlobalSection
	GlobalSection(ExtensibilityGlobals) = postSolution
		SolutionGuid = {0FC92C35-A051-4706-BFFF-9E5E1FC6796F}
	EndGlobalSection
EndGlobal
